
Microsoft Visual Studio Solution File, Format Version 12.00
# Visual Studio Version 17
VisualStudioVersion = 17.6.33723.286
MinimumVisualStudioVersion = 10.0.40219.1
Project("{8BC9CEB8-8B4A-11D0-8D11-00A0C91BC942}") = "ProblemMultiwaris", "ProblemMultiwaris\ProblemMultiwaris.vcxproj", "{D152E9AD-5FC9-4CF9-A4FA-3F43F03FE20D}"
EndProject
Project("{8BC9CEB8-8B4A-11D0-8D11-00A0C91BC942}") = "solveMultiwaris", "solveMultiwaris\solveMultiwaris.vcxproj", "{99265F07-1689-462A-92C6-8EC4CAAA692B}"
EndProject
Project("{8BC9CEB8-8B4A-11D0-8D11-00A0C91BC942}") = "Polymorphism", "Polymorphism\Polymorphism.vcxproj", "{2831AADD-3E8F-4BEE-83CD-F5B6D74FAC7C}"
EndProject
Project("{8BC9CEB8-8B4A-11D0-8D11-00A0C91BC942}") = "Program noOverriding", "Program noOverriding\Program noOverriding.vcxproj", "{0D94A682-877F-4EF6-BF6E-71F87AA250D2}"
EndProject
Project("{8BC9CEB8-8B4A-11D0-8D11-00A0C91BC942}") = "Program noPewarisan", "Program noPewarisan\Program noPewarisan.vcxproj", "{7E6AC312-73F3-4A13-A8A3-ED7C2386C93A}"
EndProject
Project("{8BC9CEB8-8B4A-11D0-8D11-00A0C91BC942}") = "Program enkapsulasi", "Program enkapsulasi\Program enkapsulasi.vcxproj", "{D94B7EE3-B9B0-46D7-8793-0D4EA69760FA}"
EndProject
Global
	GlobalSection(SolutionConfigurationPlatforms) = preSolution
		Debug|x64 = Debug|x64
		Debug|x86 = Debug|x86
		Release|x64 = Release|x64
		Release|x86 = Release|x86
	EndGlobalSection
	GlobalSection(ProjectConfigurationPlatforms) = postSolution
		{D152E9AD-5FC9-4CF9-A4FA-3F43F03FE20D}.Debug|x64.ActiveCfg = Debug|x64
		{D152E9AD-5FC9-4CF9-A4FA-3F43F03FE20D}.Debug|x64.Build.0 = Debug|x64
		{D152E9AD-5FC9-4CF9-A4FA-3F43F03FE20D}.Debug|x86.ActiveCfg = Debug|Win32
		{D152E9AD-5FC9-4CF9-A4FA-3F43F03FE20D}.Debug|x86.Build.0 = Debug|Win32
		{D152E9AD-5FC9-4CF9-A4FA-3F43F03FE20D}.Release|x64.ActiveCfg = Release|x64
		{D152E9AD-5FC9-4CF9-A4FA-3F43F03FE20D}.Release|x64.Build.0 = Release|x64
		{D152E9AD-5FC9-4CF9-A4FA-3F43F03FE20D}.Release|x86.ActiveCfg = Release|Win32
		{D152E9AD-5FC9-4CF9-A4FA-3F43F03FE20D}.Release|x86.Build.0 = Release|Win32
		{99265F07-1689-462A-92C6-8EC4CAAA692B}.Debug|x64.ActiveCfg = Debug|x64
		{99265F07-1689-462A-92C6-8EC4CAAA692B}.Debug|x64.Build.0 = Debug|x64
		{99265F07-1689-462A-92C6-8EC4CAAA692B}.Debug|x86.ActiveCfg = Debug|Win32
		{99265F07-1689-462A-92C6-8EC4CAAA692B}.Debug|x86.Build.0 = Debug|Win32
		{99265F07-1689-462A-92C6-8EC4CAAA692B}.Release|x64.ActiveCfg = Release|x64
		{99265F07-1689-462A-92C6-8EC4CAAA692B}.Release|x64.Build.0 = Release|x64
		{99265F07-1689-462A-92C6-8EC4CAAA692B}.Release|x86.ActiveCfg = Release|Win32
		{99265F07-1689-462A-92C6-8EC4CAAA692B}.Release|x86.Build.0 = Release|Win32
		{2831AADD-3E8F-4BEE-83CD-F5B6D74FAC7C}.Debug|x64.ActiveCfg = Debug|x64
		{2831AADD-3E8F-4BEE-83CD-F5B6D74FAC7C}.Debug|x64.Build.0 = Debug|x64
		{2831AADD-3E8F-4BEE-83CD-F5B6D74FAC7C}.Debug|x86.ActiveCfg = Debug|Win32
		{2831AADD-3E8F-4BEE-83CD-F5B6D74FAC7C}.Debug|x86.Build.0 = Debug|Win32
		{2831AADD-3E8F-4BEE-83CD-F5B6D74FAC7C}.Release|x64.ActiveCfg = Release|x64
		{2831AADD-3E8F-4BEE-83CD-F5B6D74FAC7C}.Release|x64.Build.0 = Release|x64
		{2831AADD-3E8F-4BEE-83CD-F5B6D74FAC7C}.Release|x86.ActiveCfg = Release|Win32
		{2831AADD-3E8F-4BEE-83CD-F5B6D74FAC7C}.Release|x86.Build.0 = Release|Win32
		{0D94A682-877F-4EF6-BF6E-71F87AA250D2}.Debug|x64.ActiveCfg = Debug|x64
		{0D94A682-877F-4EF6-BF6E-71F87AA250D2}.Debug|x64.Build.0 = Debug|x64
		{0D94A682-877F-4EF6-BF6E-71F87AA250D2}.Debug|x86.ActiveCfg = Debug|Win32
		{0D94A682-877F-4EF6-BF6E-71F87AA250D2}.Debug|x86.Build.0 = Debug|Win32
		{0D94A682-877F-4EF6-BF6E-71F87AA250D2}.Release|x64.ActiveCfg = Release|x64
		{0D94A682-877F-4EF6-BF6E-71F87AA250D2}.Release|x64.Build.0 = Release|x64
		{0D94A682-877F-4EF6-BF6E-71F87AA250D2}.Release|x86.ActiveCfg = Release|Win32
		{0D94A682-877F-4EF6-BF6E-71F87AA250D2}.Release|x86.Build.0 = Release|Win32
		{7E6AC312-73F3-4A13-A8A3-ED7C2386C93A}.Debug|x64.ActiveCfg = Debug|x64
		{7E6AC312-73F3-4A13-A8A3-ED7C2386C93A}.Debug|x64.Build.0 = Debug|x64
		{7E6AC312-73F3-4A13-A8A3-ED7C2386C93A}.Debug|x86.ActiveCfg = Debug|Win32
		{7E6AC312-73F3-4A13-A8A3-ED7C2386C93A}.Debug|x86.Build.0 = Debug|Win32
		{7E6AC312-73F3-4A13-A8A3-ED7C2386C93A}.Release|x64.ActiveCfg = Release|x64
		{7E6AC312-73F3-4A13-A8A3-ED7C2386C93A}.Release|x64.Build.0 = Release|x64
		{7E6AC312-73F3-4A13-A8A3-ED7C2386C93A}.Release|x86.ActiveCfg = Release|Win32
		{7E6AC312-73F3-4A13-A8A3-ED7C2386C93A}.Release|x86.Build.0 = Release|Win32
		{D94B7EE3-B9B0-46D7-8793-0D4EA69760FA}.Debug|x64.ActiveCfg = Debug|x64
		{D94B7EE3-B9B0-46D7-8793-0D4EA69760FA}.Debug|x64.Build.0 = Debug|x64
		{D94B7EE3-B9B0-46D7-8793-0D4EA69760FA}.Debug|x86.ActiveCfg = Debug|Win32
		{D94B7EE3-B9B0-46D7-8793-0D4EA69760FA}.Debug|x86.Build.0 = Debug|Win32
		{D94B7EE3-B9B0-46D7-8793-0D4EA69760FA}.Release|x64.ActiveCfg = Release|x64
		{D94B7EE3-B9B0-46D7-8793-0D4EA69760FA}.Release|x64.Build.0 = Release|x64
		{D94B7EE3-B9B0-46D7-8793-0D4EA69760FA}.Release|x86.ActiveCfg = Release|Win32
		{D94B7EE3-B9B0-46D7-8793-0D4EA69760FA}.Release|x86.Build.0 = Release|Win32
	EndGlobalSection
	GlobalSection(SolutionProperties) = preSolution
		HideSolutionNode = FALSE
	EndGlobalSection
	GlobalSection(ExtensibilityGlobals) = postSolution
		SolutionGuid = {F6C51830-9BBB-456F-98E9-69B274D5ADD9}
	EndGlobalSection
EndGlobal
